// !$*UTF8*$!
{
	archiveVersion = 1;
	classes = {
	};
	objectVersion = 56;
	objects = {

/* Begin PBXBuildFile section */
		3E0359EF2B62288D003ABF17 /* EditToDo.swift in Sources */ = {isa = PBXBuildFile; fileRef = 3E0359ED2B62288D003ABF17 /* EditToDo.swift */; };
		3E0359F02B62288D003ABF17 /* ToDoObj.swift in Sources */ = {isa = PBXBuildFile; fileRef = 3E0359EE2B62288D003ABF17 /* ToDoObj.swift */; };
		3E0359F62B630CAC003ABF17 /* ProgressiveObj.swift in Sources */ = {isa = PBXBuildFile; fileRef = 3E0359F52B630CAC003ABF17 /* ProgressiveObj.swift */; };
		3E1CDA122B9EC87B00039E9A /* CreateTask.swift in Sources */ = {isa = PBXBuildFile; fileRef = 3E1CDA112B9EC87B00039E9A /* CreateTask.swift */; };
		3E1FD06B2B9FABB90035F06C /* CreateToDo.swift in Sources */ = {isa = PBXBuildFile; fileRef = 3E1FD06A2B9FABB90035F06C /* CreateToDo.swift */; };
		3E1FD06D2BA003270035F06C /* CreateProgressive.swift in Sources */ = {isa = PBXBuildFile; fileRef = 3E1FD06C2BA003270035F06C /* CreateProgressive.swift */; };
		3E1FD06F2BA21D0A0035F06C /* TestView.swift in Sources */ = {isa = PBXBuildFile; fileRef = 3E1FD06E2BA21D0A0035F06C /* TestView.swift */; };
		3E38C30E2B5AE487009E160D /* VariableManager.swift in Sources */ = {isa = PBXBuildFile; fileRef = 3E38C30D2B5AE487009E160D /* VariableManager.swift */; };
		3E38C3102B608188009E160D /* DaySelector.swift in Sources */ = {isa = PBXBuildFile; fileRef = 3E38C30F2B608187009E160D /* DaySelector.swift */; };
		3E4059532B50EB3D00BA643E /* EditTask.swift in Sources */ = {isa = PBXBuildFile; fileRef = 3E4059522B50EB3D00BA643E /* EditTask.swift */; };
		3E4059562B50F19400BA643E /* SymbolPicker in Frameworks */ = {isa = PBXBuildFile; productRef = 3E4059552B50F19400BA643E /* SymbolPicker */; };
		3E4059582B51B63E00BA643E /* MainView.swift in Sources */ = {isa = PBXBuildFile; fileRef = 3E4059572B51B63E00BA643E /* MainView.swift */; };
		3E580D222B4E4CA6004534BF /* FlowingApp.swift in Sources */ = {isa = PBXBuildFile; fileRef = 3E580D212B4E4CA6004534BF /* FlowingApp.swift */; };
		3E580D282B4E4CA9004534BF /* Assets.xcassets in Resources */ = {isa = PBXBuildFile; fileRef = 3E580D272B4E4CA9004534BF /* Assets.xcassets */; };
		3E580D2B2B4E4CA9004534BF /* Preview Assets.xcassets in Resources */ = {isa = PBXBuildFile; fileRef = 3E580D2A2B4E4CA9004534BF /* Preview Assets.xcassets */; };
		3E71936D2B68597C00DE4C83 /* EditProgressive.swift in Sources */ = {isa = PBXBuildFile; fileRef = 3E71936C2B68597C00DE4C83 /* EditProgressive.swift */; };
		3E9303D92B65A7370087660E /* RoundedSlider.swift in Sources */ = {isa = PBXBuildFile; fileRef = 3E9303D82B65A7370087660E /* RoundedSlider.swift */; };
		3EC18BD82B4E4EB900C9FA4B /* Functions.swift in Sources */ = {isa = PBXBuildFile; fileRef = 3EC18BD72B4E4EB900C9FA4B /* Functions.swift */; };
		3EC18BDA2B4E504B00C9FA4B /* TaskObj.swift in Sources */ = {isa = PBXBuildFile; fileRef = 3EC18BD92B4E504B00C9FA4B /* TaskObj.swift */; };
		3ECAD69C2BA24B3E00DC6A59 /* Others.swift in Sources */ = {isa = PBXBuildFile; fileRef = 3ECAD69B2BA24B3E00DC6A59 /* Others.swift */; };
		3ED8CB8D2B7B619300A50A22 /* MenuCircle.swift in Sources */ = {isa = PBXBuildFile; fileRef = 3ED8CB8C2B7B619300A50A22 /* MenuCircle.swift */; };
/* End PBXBuildFile section */

/* Begin PBXFileReference section */
		3E0359ED2B62288D003ABF17 /* EditToDo.swift */ = {isa = PBXFileReference; fileEncoding = 4; lastKnownFileType = sourcecode.swift; path = EditToDo.swift; sourceTree = "<group>"; };
		3E0359EE2B62288D003ABF17 /* ToDoObj.swift */ = {isa = PBXFileReference; fileEncoding = 4; lastKnownFileType = sourcecode.swift; path = ToDoObj.swift; sourceTree = "<group>"; };
		3E0359F52B630CAC003ABF17 /* ProgressiveObj.swift */ = {isa = PBXFileReference; fileEncoding = 4; lastKnownFileType = sourcecode.swift; path = ProgressiveObj.swift; sourceTree = "<group>"; };
		3E1CDA112B9EC87B00039E9A /* CreateTask.swift */ = {isa = PBXFileReference; lastKnownFileType = sourcecode.swift; path = CreateTask.swift; sourceTree = "<group>"; };
		3E1FD06A2B9FABB90035F06C /* CreateToDo.swift */ = {isa = PBXFileReference; lastKnownFileType = sourcecode.swift; path = CreateToDo.swift; sourceTree = "<group>"; };
		3E1FD06C2BA003270035F06C /* CreateProgressive.swift */ = {isa = PBXFileReference; lastKnownFileType = sourcecode.swift; path = CreateProgressive.swift; sourceTree = "<group>"; };
		3E1FD06E2BA21D0A0035F06C /* TestView.swift */ = {isa = PBXFileReference; lastKnownFileType = sourcecode.swift; path = TestView.swift; sourceTree = "<group>"; };
		3E38C30D2B5AE487009E160D /* VariableManager.swift */ = {isa = PBXFileReference; lastKnownFileType = sourcecode.swift; path = VariableManager.swift; sourceTree = "<group>"; };
		3E38C30F2B608187009E160D /* DaySelector.swift */ = {isa = PBXFileReference; lastKnownFileType = sourcecode.swift; path = DaySelector.swift; sourceTree = "<group>"; };
		3E4059522B50EB3D00BA643E /* EditTask.swift */ = {isa = PBXFileReference; lastKnownFileType = sourcecode.swift; path = EditTask.swift; sourceTree = "<group>"; };
		3E4059572B51B63E00BA643E /* MainView.swift */ = {isa = PBXFileReference; lastKnownFileType = sourcecode.swift; path = MainView.swift; sourceTree = "<group>"; };
		3E580D1E2B4E4CA6004534BF /* Flowing.app */ = {isa = PBXFileReference; explicitFileType = wrapper.application; includeInIndex = 0; path = Flowing.app; sourceTree = BUILT_PRODUCTS_DIR; };
		3E580D212B4E4CA6004534BF /* FlowingApp.swift */ = {isa = PBXFileReference; lastKnownFileType = sourcecode.swift; path = FlowingApp.swift; sourceTree = "<group>"; };
		3E580D272B4E4CA9004534BF /* Assets.xcassets */ = {isa = PBXFileReference; lastKnownFileType = folder.assetcatalog; path = Assets.xcassets; sourceTree = "<group>"; };
		3E580D2A2B4E4CA9004534BF /* Preview Assets.xcassets */ = {isa = PBXFileReference; lastKnownFileType = folder.assetcatalog; path = "Preview Assets.xcassets"; sourceTree = "<group>"; };
		3E580D2C2B4E4CA9004534BF /* Flowing.entitlements */ = {isa = PBXFileReference; lastKnownFileType = text.plist.entitlements; path = Flowing.entitlements; sourceTree = "<group>"; };
		3E580D2D2B4E4CA9004534BF /* Info.plist */ = {isa = PBXFileReference; lastKnownFileType = text.plist.xml; path = Info.plist; sourceTree = "<group>"; };
		3E71936C2B68597C00DE4C83 /* EditProgressive.swift */ = {isa = PBXFileReference; lastKnownFileType = sourcecode.swift; path = EditProgressive.swift; sourceTree = "<group>"; };
		3E9303D82B65A7370087660E /* RoundedSlider.swift */ = {isa = PBXFileReference; fileEncoding = 4; lastKnownFileType = sourcecode.swift; path = RoundedSlider.swift; sourceTree = "<group>"; };
		3EC18BD72B4E4EB900C9FA4B /* Functions.swift */ = {isa = PBXFileReference; lastKnownFileType = sourcecode.swift; path = Functions.swift; sourceTree = "<group>"; };
		3EC18BD92B4E504B00C9FA4B /* TaskObj.swift */ = {isa = PBXFileReference; lastKnownFileType = sourcecode.swift; path = TaskObj.swift; sourceTree = "<group>"; };
		3ECAD69B2BA24B3E00DC6A59 /* Others.swift */ = {isa = PBXFileReference; lastKnownFileType = sourcecode.swift; path = Others.swift; sourceTree = "<group>"; };
		3ED8CB8C2B7B619300A50A22 /* MenuCircle.swift */ = {isa = PBXFileReference; lastKnownFileType = sourcecode.swift; path = MenuCircle.swift; sourceTree = "<group>"; };
/* End PBXFileReference section */

/* Begin PBXFrameworksBuildPhase section */
		3E580D1B2B4E4CA6004534BF /* Frameworks */ = {
			isa = PBXFrameworksBuildPhase;
			buildActionMask = 2147483647;
			files = (
				3E4059562B50F19400BA643E /* SymbolPicker in Frameworks */,
			);
			runOnlyForDeploymentPostprocessing = 0;
		};
/* End PBXFrameworksBuildPhase section */

/* Begin PBXGroup section */
		3E0359F12B6228A2003ABF17 /* ToDo */ = {
			isa = PBXGroup;
			children = (
				3E0359EE2B62288D003ABF17 /* ToDoObj.swift */,
				3E0359ED2B62288D003ABF17 /* EditToDo.swift */,
				3E1FD06A2B9FABB90035F06C /* CreateToDo.swift */,
			);
			path = ToDo;
			sourceTree = "<group>";
		};
		3E0359F42B630C83003ABF17 /* Progressive */ = {
			isa = PBXGroup;
			children = (
				3E0359F52B630CAC003ABF17 /* ProgressiveObj.swift */,
				3E71936C2B68597C00DE4C83 /* EditProgressive.swift */,
				3E1FD06C2BA003270035F06C /* CreateProgressive.swift */,
				3E9303D82B65A7370087660E /* RoundedSlider.swift */,
			);
			path = Progressive;
			sourceTree = "<group>";
		};
		3E580D152B4E4CA6004534BF = {
			isa = PBXGroup;
			children = (
				3E580D202B4E4CA6004534BF /* Flowing */,
				3E580D1F2B4E4CA6004534BF /* Products */,
			);
			sourceTree = "<group>";
		};
		3E580D1F2B4E4CA6004534BF /* Products */ = {
			isa = PBXGroup;
			children = (
				3E580D1E2B4E4CA6004534BF /* Flowing.app */,
			);
			name = Products;
			sourceTree = "<group>";
		};
		3E580D202B4E4CA6004534BF /* Flowing */ = {
			isa = PBXGroup;
			children = (
				3E580D212B4E4CA6004534BF /* FlowingApp.swift */,
				3E38C30D2B5AE487009E160D /* VariableManager.swift */,
				3EC18BD72B4E4EB900C9FA4B /* Functions.swift */,
				3E4059572B51B63E00BA643E /* MainView.swift */,
				3ED8CB8C2B7B619300A50A22 /* MenuCircle.swift */,
				3ECAD69B2BA24B3E00DC6A59 /* Others.swift */,
				3E0359F42B630C83003ABF17 /* Progressive */,
				3E0359F12B6228A2003ABF17 /* ToDo */,
				3ED60F472B62260E00C7BC5A /* Task */,
				3E580D272B4E4CA9004534BF /* Assets.xcassets */,
				3E580D2C2B4E4CA9004534BF /* Flowing.entitlements */,
				3E580D2D2B4E4CA9004534BF /* Info.plist */,
				3E580D292B4E4CA9004534BF /* Preview Content */,
			);
			path = Flowing;
			sourceTree = "<group>";
		};
		3E580D292B4E4CA9004534BF /* Preview Content */ = {
			isa = PBXGroup;
			children = (
				3E1FD06E2BA21D0A0035F06C /* TestView.swift */,
				3E580D2A2B4E4CA9004534BF /* Preview Assets.xcassets */,
			);
			path = "Preview Content";
			sourceTree = "<group>";
		};
		3ED60F472B62260E00C7BC5A /* Task */ = {
			isa = PBXGroup;
			children = (
				3EC18BD92B4E504B00C9FA4B /* TaskObj.swift */,
				3E38C30F2B608187009E160D /* DaySelector.swift */,
				3E4059522B50EB3D00BA643E /* EditTask.swift */,
				3E1CDA112B9EC87B00039E9A /* CreateTask.swift */,
			);
			path = Task;
			sourceTree = "<group>";
		};
/* End PBXGroup section */

/* Begin PBXNativeTarget section */
		3E580D1D2B4E4CA6004534BF /* Flowing */ = {
			isa = PBXNativeTarget;
			buildConfigurationList = 3E580D302B4E4CA9004534BF /* Build configuration list for PBXNativeTarget "Flowing" */;
			buildPhases = (
				3E580D1A2B4E4CA6004534BF /* Sources */,
				3E580D1B2B4E4CA6004534BF /* Frameworks */,
				3E580D1C2B4E4CA6004534BF /* Resources */,
			);
			buildRules = (
			);
			dependencies = (
			);
			name = Flowing;
			packageProductDependencies = (
				3E4059552B50F19400BA643E /* SymbolPicker */,
			);
			productName = Flowing;
			productReference = 3E580D1E2B4E4CA6004534BF /* Flowing.app */;
			productType = "com.apple.product-type.application";
		};
/* End PBXNativeTarget section */

/* Begin PBXProject section */
		3E580D162B4E4CA6004534BF /* Project object */ = {
			isa = PBXProject;
			attributes = {
				BuildIndependentTargetsInParallel = 1;
				LastSwiftUpdateCheck = 1500;
				LastUpgradeCheck = 1500;
				TargetAttributes = {
					3E580D1D2B4E4CA6004534BF = {
						CreatedOnToolsVersion = 15.0.1;
					};
				};
			};
			buildConfigurationList = 3E580D192B4E4CA6004534BF /* Build configuration list for PBXProject "Flowing" */;
			compatibilityVersion = "Xcode 14.0";
			developmentRegion = en;
			hasScannedForEncodings = 0;
			knownRegions = (
				en,
				Base,
			);
			mainGroup = 3E580D152B4E4CA6004534BF;
			packageReferences = (
				3E4059542B50F19400BA643E /* XCRemoteSwiftPackageReference "SymbolPicker" */,
			);
			productRefGroup = 3E580D1F2B4E4CA6004534BF /* Products */;
			projectDirPath = "";
			projectRoot = "";
			targets = (
				3E580D1D2B4E4CA6004534BF /* Flowing */,
			);
		};
/* End PBXProject section */

/* Begin PBXResourcesBuildPhase section */
		3E580D1C2B4E4CA6004534BF /* Resources */ = {
			isa = PBXResourcesBuildPhase;
			buildActionMask = 2147483647;
			files = (
				3E580D2B2B4E4CA9004534BF /* Preview Assets.xcassets in Resources */,
				3E580D282B4E4CA9004534BF /* Assets.xcassets in Resources */,
			);
			runOnlyForDeploymentPostprocessing = 0;
		};
/* End PBXResourcesBuildPhase section */

/* Begin PBXSourcesBuildPhase section */
		3E580D1A2B4E4CA6004534BF /* Sources */ = {
			isa = PBXSourcesBuildPhase;
			buildActionMask = 2147483647;
			files = (
				3E9303D92B65A7370087660E /* RoundedSlider.swift in Sources */,
				3E0359EF2B62288D003ABF17 /* EditToDo.swift in Sources */,
				3ECAD69C2BA24B3E00DC6A59 /* Others.swift in Sources */,
				3ED8CB8D2B7B619300A50A22 /* MenuCircle.swift in Sources */,
				3E71936D2B68597C00DE4C83 /* EditProgressive.swift in Sources */,
				3E0359F62B630CAC003ABF17 /* ProgressiveObj.swift in Sources */,
				3E38C30E2B5AE487009E160D /* VariableManager.swift in Sources */,
				3E0359F02B62288D003ABF17 /* ToDoObj.swift in Sources */,
				3E1FD06B2B9FABB90035F06C /* CreateToDo.swift in Sources */,
				3E1FD06F2BA21D0A0035F06C /* TestView.swift in Sources */,
				3E4059582B51B63E00BA643E /* MainView.swift in Sources */,
				3E1CDA122B9EC87B00039E9A /* CreateTask.swift in Sources */,
				3E38C3102B608188009E160D /* DaySelector.swift in Sources */,
				3E4059532B50EB3D00BA643E /* EditTask.swift in Sources */,
				3E580D222B4E4CA6004534BF /* FlowingApp.swift in Sources */,
				3EC18BD82B4E4EB900C9FA4B /* Functions.swift in Sources */,
				3EC18BDA2B4E504B00C9FA4B /* TaskObj.swift in Sources */,
				3E1FD06D2BA003270035F06C /* CreateProgressive.swift in Sources */,
			);
			runOnlyForDeploymentPostprocessing = 0;
		};
/* End PBXSourcesBuildPhase section */

/* Begin XCBuildConfiguration section */
		3E580D2E2B4E4CA9004534BF /* Debug */ = {
			isa = XCBuildConfiguration;
			buildSettings = {
				ALWAYS_SEARCH_USER_PATHS = NO;
				ASSETCATALOG_COMPILER_GENERATE_SWIFT_ASSET_SYMBOL_EXTENSIONS = YES;
				CLANG_ANALYZER_NONNULL = YES;
				CLANG_ANALYZER_NUMBER_OBJECT_CONVERSION = YES_AGGRESSIVE;
				CLANG_CXX_LANGUAGE_STANDARD = "gnu++20";
				CLANG_ENABLE_MODULES = YES;
				CLANG_ENABLE_OBJC_ARC = YES;
				CLANG_ENABLE_OBJC_WEAK = YES;
				CLANG_WARN_BLOCK_CAPTURE_AUTORELEASING = YES;
				CLANG_WARN_BOOL_CONVERSION = YES;
				CLANG_WARN_COMMA = YES;
				CLANG_WARN_CONSTANT_CONVERSION = YES;
				CLANG_WARN_DEPRECATED_OBJC_IMPLEMENTATIONS = YES;
				CLANG_WARN_DIRECT_OBJC_ISA_USAGE = YES_ERROR;
				CLANG_WARN_DOCUMENTATION_COMMENTS = YES;
				CLANG_WARN_EMPTY_BODY = YES;
				CLANG_WARN_ENUM_CONVERSION = YES;
				CLANG_WARN_INFINITE_RECURSION = YES;
				CLANG_WARN_INT_CONVERSION = YES;
				CLANG_WARN_NON_LITERAL_NULL_CONVERSION = YES;
				CLANG_WARN_OBJC_IMPLICIT_RETAIN_SELF = YES;
				CLANG_WARN_OBJC_LITERAL_CONVERSION = YES;
				CLANG_WARN_OBJC_ROOT_CLASS = YES_ERROR;
				CLANG_WARN_QUOTED_INCLUDE_IN_FRAMEWORK_HEADER = YES;
				CLANG_WARN_RANGE_LOOP_ANALYSIS = YES;
				CLANG_WARN_STRICT_PROTOTYPES = YES;
				CLANG_WARN_SUSPICIOUS_MOVE = YES;
				CLANG_WARN_UNGUARDED_AVAILABILITY = YES_AGGRESSIVE;
				CLANG_WARN_UNREACHABLE_CODE = YES;
				CLANG_WARN__DUPLICATE_METHOD_MATCH = YES;
				COPY_PHASE_STRIP = NO;
				DEBUG_INFORMATION_FORMAT = dwarf;
				ENABLE_STRICT_OBJC_MSGSEND = YES;
				ENABLE_TESTABILITY = YES;
				ENABLE_USER_SCRIPT_SANDBOXING = YES;
				GCC_C_LANGUAGE_STANDARD = gnu17;
				GCC_DYNAMIC_NO_PIC = NO;
				GCC_NO_COMMON_BLOCKS = YES;
				GCC_OPTIMIZATION_LEVEL = 0;
				GCC_PREPROCESSOR_DEFINITIONS = (
					"DEBUG=1",
					"$(inherited)",
				);
				GCC_WARN_64_TO_32_BIT_CONVERSION = YES;
				GCC_WARN_ABOUT_RETURN_TYPE = YES_ERROR;
				GCC_WARN_UNDECLARED_SELECTOR = YES;
				GCC_WARN_UNINITIALIZED_AUTOS = YES_AGGRESSIVE;
				GCC_WARN_UNUSED_FUNCTION = YES;
				GCC_WARN_UNUSED_VARIABLE = YES;
				IPHONEOS_DEPLOYMENT_TARGET = 17.0;
				LOCALIZATION_PREFERS_STRING_CATALOGS = YES;
				MTL_ENABLE_DEBUG_INFO = INCLUDE_SOURCE;
				MTL_FAST_MATH = YES;
				ONLY_ACTIVE_ARCH = YES;
				SDKROOT = iphoneos;
				SWIFT_ACTIVE_COMPILATION_CONDITIONS = "DEBUG $(inherited)";
				SWIFT_OPTIMIZATION_LEVEL = "-Onone";
			};
			name = Debug;
		};
		3E580D2F2B4E4CA9004534BF /* Release */ = {
			isa = XCBuildConfiguration;
			buildSettings = {
				ALWAYS_SEARCH_USER_PATHS = NO;
				ASSETCATALOG_COMPILER_GENERATE_SWIFT_ASSET_SYMBOL_EXTENSIONS = YES;
				CLANG_ANALYZER_NONNULL = YES;
				CLANG_ANALYZER_NUMBER_OBJECT_CONVERSION = YES_AGGRESSIVE;
				CLANG_CXX_LANGUAGE_STANDARD = "gnu++20";
				CLANG_ENABLE_MODULES = YES;
				CLANG_ENABLE_OBJC_ARC = YES;
				CLANG_ENABLE_OBJC_WEAK = YES;
				CLANG_WARN_BLOCK_CAPTURE_AUTORELEASING = YES;
				CLANG_WARN_BOOL_CONVERSION = YES;
				CLANG_WARN_COMMA = YES;
				CLANG_WARN_CONSTANT_CONVERSION = YES;
				CLANG_WARN_DEPRECATED_OBJC_IMPLEMENTATIONS = YES;
				CLANG_WARN_DIRECT_OBJC_ISA_USAGE = YES_ERROR;
				CLANG_WARN_DOCUMENTATION_COMMENTS = YES;
				CLANG_WARN_EMPTY_BODY = YES;
				CLANG_WARN_ENUM_CONVERSION = YES;
				CLANG_WARN_INFINITE_RECURSION = YES;
				CLANG_WARN_INT_CONVERSION = YES;
				CLANG_WARN_NON_LITERAL_NULL_CONVERSION = YES;
				CLANG_WARN_OBJC_IMPLICIT_RETAIN_SELF = YES;
				CLANG_WARN_OBJC_LITERAL_CONVERSION = YES;
				CLANG_WARN_OBJC_ROOT_CLASS = YES_ERROR;
				CLANG_WARN_QUOTED_INCLUDE_IN_FRAMEWORK_HEADER = YES;
				CLANG_WARN_RANGE_LOOP_ANALYSIS = YES;
				CLANG_WARN_STRICT_PROTOTYPES = YES;
				CLANG_WARN_SUSPICIOUS_MOVE = YES;
				CLANG_WARN_UNGUARDED_AVAILABILITY = YES_AGGRESSIVE;
				CLANG_WARN_UNREACHABLE_CODE = YES;
				CLANG_WARN__DUPLICATE_METHOD_MATCH = YES;
				COPY_PHASE_STRIP = NO;
				DEBUG_INFORMATION_FORMAT = "dwarf-with-dsym";
				ENABLE_NS_ASSERTIONS = NO;
				ENABLE_STRICT_OBJC_MSGSEND = YES;
				ENABLE_USER_SCRIPT_SANDBOXING = YES;
				GCC_C_LANGUAGE_STANDARD = gnu17;
				GCC_NO_COMMON_BLOCKS = YES;
				GCC_WARN_64_TO_32_BIT_CONVERSION = YES;
				GCC_WARN_ABOUT_RETURN_TYPE = YES_ERROR;
				GCC_WARN_UNDECLARED_SELECTOR = YES;
				GCC_WARN_UNINITIALIZED_AUTOS = YES_AGGRESSIVE;
				GCC_WARN_UNUSED_FUNCTION = YES;
				GCC_WARN_UNUSED_VARIABLE = YES;
				IPHONEOS_DEPLOYMENT_TARGET = 17.0;
				LOCALIZATION_PREFERS_STRING_CATALOGS = YES;
				MTL_ENABLE_DEBUG_INFO = NO;
				MTL_FAST_MATH = YES;
				SDKROOT = iphoneos;
				SWIFT_COMPILATION_MODE = wholemodule;
				VALIDATE_PRODUCT = YES;
			};
			name = Release;
		};
		3E580D312B4E4CA9004534BF /* Debug */ = {
			isa = XCBuildConfiguration;
			buildSettings = {
				ASSETCATALOG_COMPILER_APPICON_NAME = AppIcon;
				ASSETCATALOG_COMPILER_GLOBAL_ACCENT_COLOR_NAME = AccentColor;
				CODE_SIGN_ENTITLEMENTS = Flowing/Flowing.entitlements;
				CODE_SIGN_STYLE = Automatic;
				CURRENT_PROJECT_VERSION = 1;
				DEVELOPMENT_ASSET_PATHS = "\"Flowing/Preview Content\"";
				DEVELOPMENT_TEAM = T9Q68QP6GV;
				ENABLE_PREVIEWS = YES;
				GENERATE_INFOPLIST_FILE = YES;
				INFOPLIST_FILE = Flowing/Info.plist;
				INFOPLIST_KEY_UIApplicationSceneManifest_Generation = YES;
				INFOPLIST_KEY_UIApplicationSupportsIndirectInputEvents = YES;
				INFOPLIST_KEY_UILaunchScreen_Generation = YES;
				INFOPLIST_KEY_UISupportedInterfaceOrientations_iPad = "UIInterfaceOrientationPortrait UIInterfaceOrientationPortraitUpsideDown UIInterfaceOrientationLandscapeLeft UIInterfaceOrientationLandscapeRight";
				INFOPLIST_KEY_UISupportedInterfaceOrientations_iPhone = UIInterfaceOrientationPortrait;
				LD_RUNPATH_SEARCH_PATHS = (
					"$(inherited)",
					"@executable_path/Frameworks",
				);
				MARKETING_VERSION = 1.0;
				PRODUCT_BUNDLE_IDENTIFIER = "enrique53-xd.Flowing";
				PRODUCT_NAME = "$(TARGET_NAME)";
				SWIFT_EMIT_LOC_STRINGS = YES;
				SWIFT_VERSION = 5.0;
				TARGETED_DEVICE_FAMILY = "1,2";
			};
			name = Debug;
		};
		3E580D322B4E4CA9004534BF /* Release */ = {
			isa = XCBuildConfiguration;
			buildSettings = {
				ASSETCATALOG_COMPILER_APPICON_NAME = AppIcon;
				ASSETCATALOG_COMPILER_GLOBAL_ACCENT_COLOR_NAME = AccentColor;
				CODE_SIGN_ENTITLEMENTS = Flowing/Flowing.entitlements;
				CODE_SIGN_STYLE = Automatic;
				CURRENT_PROJECT_VERSION = 1;
				DEVELOPMENT_ASSET_PATHS = "\"Flowing/Preview Content\"";
				DEVELOPMENT_TEAM = T9Q68QP6GV;
				ENABLE_PREVIEWS = YES;
				GENERATE_INFOPLIST_FILE = YES;
				INFOPLIST_FILE = Flowing/Info.plist;
				INFOPLIST_KEY_UIApplicationSceneManifest_Generation = YES;
				INFOPLIST_KEY_UIApplicationSupportsIndirectInputEvents = YES;
				INFOPLIST_KEY_UILaunchScreen_Generation = YES;
				INFOPLIST_KEY_UISupportedInterfaceOrientations_iPad = "UIInterfaceOrientationPortrait UIInterfaceOrientationPortraitUpsideDown UIInterfaceOrientationLandscapeLeft UIInterfaceOrientationLandscapeRight";
				INFOPLIST_KEY_UISupportedInterfaceOrientations_iPhone = UIInterfaceOrientationPortrait;
				LD_RUNPATH_SEARCH_PATHS = (
					"$(inherited)",
					"@executable_path/Frameworks",
				);
				MARKETING_VERSION = 1.0;
				PRODUCT_BUNDLE_IDENTIFIER = "enrique53-xd.Flowing";
				PRODUCT_NAME = "$(TARGET_NAME)";
				SWIFT_EMIT_LOC_STRINGS = YES;
				SWIFT_VERSION = 5.0;
				TARGETED_DEVICE_FAMILY = "1,2";
			};
			name = Release;
		};
/* End XCBuildConfiguration section */

/* Begin XCConfigurationList section */
		3E580D192B4E4CA6004534BF /* Build configuration list for PBXProject "Flowing" */ = {
			isa = XCConfigurationList;
			buildConfigurations = (
				3E580D2E2B4E4CA9004534BF /* Debug */,
				3E580D2F2B4E4CA9004534BF /* Release */,
			);
			defaultConfigurationIsVisible = 0;
			defaultConfigurationName = Release;
		};
		3E580D302B4E4CA9004534BF /* Build configuration list for PBXNativeTarget "Flowing" */ = {
			isa = XCConfigurationList;
			buildConfigurations = (
				3E580D312B4E4CA9004534BF /* Debug */,
				3E580D322B4E4CA9004534BF /* Release */,
			);
			defaultConfigurationIsVisible = 0;
			defaultConfigurationName = Release;
		};
/* End XCConfigurationList section */

/* Begin XCRemoteSwiftPackageReference section */
		3E4059542B50F19400BA643E /* XCRemoteSwiftPackageReference "SymbolPicker" */ = {
			isa = XCRemoteSwiftPackageReference;
			repositoryURL = "https://github.com/xnth97/SymbolPicker.git";
			requirement = {
				kind = upToNextMajorVersion;
				minimumVersion = 1.5.1;
			};
		};
/* End XCRemoteSwiftPackageReference section */

/* Begin XCSwiftPackageProductDependency section */
		3E4059552B50F19400BA643E /* SymbolPicker */ = {
			isa = XCSwiftPackageProductDependency;
			package = 3E4059542B50F19400BA643E /* XCRemoteSwiftPackageReference "SymbolPicker" */;
			productName = SymbolPicker;
		};
/* End XCSwiftPackageProductDependency section */
	};
	rootObject = 3E580D162B4E4CA6004534BF /* Project object */;
}
