{
  "originHash" : "39a523ea9352fe93dd80c7114b64f3fb7cbbd602f6026bd21c6c774aed93025a",
  "pins" : [
    {
      "identity" : "octokit.swift",
      "kind" : "remoteSourceControl",
      "location" : "https://github.com/nerdishbynature/octokit.swift",
      "state" : {
        "revision" : "f762f1566f7cd0e683b9329f169c28ab6ef993cc",
        "version" : "0.12.0"
      }
    },
    {
      "identity" : "requestkit",
      "kind" : "remoteSourceControl",
      "location" : "https://github.com/nerdishbynature/RequestKit.git",
      "state" : {
        "revision" : "8b0258ea2a4345cbcac90509b764faacea12efb0",
        "version" : "3.2.1"
      }
    },
    {
      "identity" : "symbolpicker",
      "kind" : "remoteSourceControl",
      "location" : "https://github.com/xnth97/SymbolPicker.git",
      "state" : {
        "revision" : "e0601230feea4289760c0e5b68dbafa15aa59bfb",
        "version" : "1.5.1"
      }
    }
  ],
  "version" : 3
}
